
Microsoft Visual Studio Solution File, Format Version 12.00
# Visual Studio Version 17
VisualStudioVersion = 17.7.34031.279
MinimumVisualStudioVersion = 10.0.40219.1
Project("{FAE04EC0-301F-11D3-BF4B-00C04F79EFBC}") = "EFCoreAndDapper", "EFCoreAndDapper\EFCoreAndDapper.csproj", "{540CA595-F556-42FE-9348-A082C79091DD}"
EndProject
Global
	GlobalSection(SolutionConfigurationPlatforms) = preSolution
		Debug|Any CPU = Debug|Any CPU
		Release|Any CPU = Release|Any CPU
	EndGlobalSection
	GlobalSection(ProjectConfigurationPlatforms) = postSolution
		{540CA595-F556-42FE-9348-A082C79091DD}.Debug|Any CPU.ActiveCfg = Debug|Any CPU
		{540CA595-F556-42FE-9348-A082C79091DD}.Debug|Any CPU.Build.0 = Debug|Any CPU
		{540CA595-F556-42FE-9348-A082C79091DD}.Release|Any CPU.ActiveCfg = Release|Any CPU
		{540CA595-F556-42FE-9348-A082C79091DD}.Release|Any CPU.Build.0 = Release|Any CPU
	EndGlobalSection
	GlobalSection(SolutionProperties) = preSolution
		HideSolutionNode = FALSE
	EndGlobalSection
	GlobalSection(ExtensibilityGlobals) = postSolution
		SolutionGuid = {41D0CA7E-C659-4EE4-8E8E-E4F8FCE12820}
	EndGlobalSection
EndGlobal
